
Microsoft Visual Studio Solution File, Format Version 11.00
# Visual C# Express 2010
Project("{FAE04EC0-301F-11D3-BF4B-00C04F79EFBC}") = "Z80Emulator", "Z80Emulator\Z80Emulator.csproj", "{1AD28B0D-5A9E-4B8D-803A-10A21524ED54}"
EndProject
Global
	GlobalSection(SolutionConfigurationPlatforms) = preSolution
		Debug|x86 = Debug|x86
		Release|x86 = Release|x86
	EndGlobalSection
	GlobalSection(ProjectConfigurationPlatforms) = postSolution
		{1AD28B0D-5A9E-4B8D-803A-10A21524ED54}.Debug|x86.ActiveCfg = Debug|x86
		{1AD28B0D-5A9E-4B8D-803A-10A21524ED54}.Debug|x86.Build.0 = Debug|x86
		{1AD28B0D-5A9E-4B8D-803A-10A21524ED54}.Release|x86.ActiveCfg = Release|x86
		{1AD28B0D-5A9E-4B8D-803A-10A21524ED54}.Release|x86.Build.0 = Release|x86
	EndGlobalSection
	GlobalSection(SolutionProperties) = preSolution
		HideSolutionNode = FALSE
	EndGlobalSection
EndGlobal
