
Microsoft Visual Studio Solution File, Format Version 11.00
# Visual C# Express 2010
Project("{FAE04EC0-301F-11D3-BF4B-00C04F79EFBC}") = "Z80Emulator", "Z80Emulator\Z80Emulator.csproj", "{1AD28B0D-5A9E-4B8D-803A-10A21524ED54}"
EndProject
Project("{FAE04EC0-301F-11D3-BF4B-00C04F79EFBC}") = "Z80EmulatorTest", "EmulatorTest\Z80EmulatorTest.csproj", "{11B37152-4452-4B92-9B19-FD1DCDA56302}"
EndProject
Global
	GlobalSection(SolutionConfigurationPlatforms) = preSolution
		Debug|Any CPU = Debug|Any CPU
		Debug|Mixed Platforms = Debug|Mixed Platforms
		Debug|x86 = Debug|x86
		Release|Any CPU = Release|Any CPU
		Release|Mixed Platforms = Release|Mixed Platforms
		Release|x86 = Release|x86
	EndGlobalSection
	GlobalSection(ProjectConfigurationPlatforms) = postSolution
		{1AD28B0D-5A9E-4B8D-803A-10A21524ED54}.Debug|Any CPU.ActiveCfg = Debug|x86
		{1AD28B0D-5A9E-4B8D-803A-10A21524ED54}.Debug|Mixed Platforms.ActiveCfg = Debug|x86
		{1AD28B0D-5A9E-4B8D-803A-10A21524ED54}.Debug|Mixed Platforms.Build.0 = Debug|x86
		{1AD28B0D-5A9E-4B8D-803A-10A21524ED54}.Debug|x86.ActiveCfg = Debug|x86
		{1AD28B0D-5A9E-4B8D-803A-10A21524ED54}.Debug|x86.Build.0 = Debug|x86
		{1AD28B0D-5A9E-4B8D-803A-10A21524ED54}.Release|Any CPU.ActiveCfg = Release|x86
		{1AD28B0D-5A9E-4B8D-803A-10A21524ED54}.Release|Mixed Platforms.ActiveCfg = Release|x86
		{1AD28B0D-5A9E-4B8D-803A-10A21524ED54}.Release|Mixed Platforms.Build.0 = Release|x86
		{1AD28B0D-5A9E-4B8D-803A-10A21524ED54}.Release|x86.ActiveCfg = Release|x86
		{1AD28B0D-5A9E-4B8D-803A-10A21524ED54}.Release|x86.Build.0 = Release|x86
		{11B37152-4452-4B92-9B19-FD1DCDA56302}.Debug|Any CPU.ActiveCfg = Debug|Any CPU
		{11B37152-4452-4B92-9B19-FD1DCDA56302}.Debug|Any CPU.Build.0 = Debug|Any CPU
		{11B37152-4452-4B92-9B19-FD1DCDA56302}.Debug|Mixed Platforms.ActiveCfg = Debug|Any CPU
		{11B37152-4452-4B92-9B19-FD1DCDA56302}.Debug|Mixed Platforms.Build.0 = Debug|Any CPU
		{11B37152-4452-4B92-9B19-FD1DCDA56302}.Debug|x86.ActiveCfg = Debug|Any CPU
		{11B37152-4452-4B92-9B19-FD1DCDA56302}.Release|Any CPU.ActiveCfg = Release|Any CPU
		{11B37152-4452-4B92-9B19-FD1DCDA56302}.Release|Any CPU.Build.0 = Release|Any CPU
		{11B37152-4452-4B92-9B19-FD1DCDA56302}.Release|Mixed Platforms.ActiveCfg = Release|Any CPU
		{11B37152-4452-4B92-9B19-FD1DCDA56302}.Release|Mixed Platforms.Build.0 = Release|Any CPU
		{11B37152-4452-4B92-9B19-FD1DCDA56302}.Release|x86.ActiveCfg = Release|Any CPU
	EndGlobalSection
	GlobalSection(SolutionProperties) = preSolution
		HideSolutionNode = FALSE
	EndGlobalSection
EndGlobal
